
Microsoft Visual Studio Solution File, Format Version 11.00
# Visual Studio 2010
Project("{FAE04EC0-301F-11D3-BF4B-00C04F79EFBC}") = "SqlRunner", "SqlRunner\SqlRunner.csproj", "{04997978-3A94-46BE-84BB-CF3051EC06A5}"
EndProject
Project("{FAE04EC0-301F-11D3-BF4B-00C04F79EFBC}") = "SqlRunner.Tests", "SqlRunner.Tests\SqlRunner.Tests.csproj", "{4E1C57BB-A456-4422-AC9E-136AD04DE2B1}"
EndProject
Global
	GlobalSection(SolutionConfigurationPlatforms) = preSolution
		Debug|Any CPU = Debug|Any CPU
		Debug|x86 = Debug|x86
		Release|Any CPU = Release|Any CPU
		Release|x86 = Release|x86
	EndGlobalSection
	GlobalSection(ProjectConfigurationPlatforms) = postSolution
		{04997978-3A94-46BE-84BB-CF3051EC06A5}.Debug|Any CPU.ActiveCfg = Debug|Any CPU
		{04997978-3A94-46BE-84BB-CF3051EC06A5}.Debug|Any CPU.Build.0 = Debug|Any CPU
		{04997978-3A94-46BE-84BB-CF3051EC06A5}.Debug|x86.ActiveCfg = Debug|x86
		{04997978-3A94-46BE-84BB-CF3051EC06A5}.Debug|x86.Build.0 = Debug|x86
		{04997978-3A94-46BE-84BB-CF3051EC06A5}.Release|Any CPU.ActiveCfg = Release|Any CPU
		{04997978-3A94-46BE-84BB-CF3051EC06A5}.Release|Any CPU.Build.0 = Release|Any CPU
		{04997978-3A94-46BE-84BB-CF3051EC06A5}.Release|x86.ActiveCfg = Release|x86
		{04997978-3A94-46BE-84BB-CF3051EC06A5}.Release|x86.Build.0 = Release|x86
		{4E1C57BB-A456-4422-AC9E-136AD04DE2B1}.Debug|Any CPU.ActiveCfg = Debug|Any CPU
		{4E1C57BB-A456-4422-AC9E-136AD04DE2B1}.Debug|Any CPU.Build.0 = Debug|Any CPU
		{4E1C57BB-A456-4422-AC9E-136AD04DE2B1}.Debug|x86.ActiveCfg = Debug|x86
		{4E1C57BB-A456-4422-AC9E-136AD04DE2B1}.Debug|x86.Build.0 = Debug|x86
		{4E1C57BB-A456-4422-AC9E-136AD04DE2B1}.Release|Any CPU.ActiveCfg = Release|Any CPU
		{4E1C57BB-A456-4422-AC9E-136AD04DE2B1}.Release|Any CPU.Build.0 = Release|Any CPU
		{4E1C57BB-A456-4422-AC9E-136AD04DE2B1}.Release|x86.ActiveCfg = Release|x86
		{4E1C57BB-A456-4422-AC9E-136AD04DE2B1}.Release|x86.Build.0 = Release|x86
	EndGlobalSection
	GlobalSection(SolutionProperties) = preSolution
		HideSolutionNode = FALSE
	EndGlobalSection
EndGlobal
